{
  "name": "@types/google__maps",
  "version": "0.0.0",
  "lockfileVersion": 1,
  "requires": true,
  "dependencies": {
    "@ava/babel-preset-stage-4": {
      "version": "1.1.0",
      "resolved": "https://registry.npmjs.org/@ava/babel-preset-stage-4/-/babel-preset-stage-4-1.1.0.tgz",
      "integrity": "sha512-oWqTnIGXW3k72UFidXzW0ONlO7hnO9x02S/QReJ7NBGeiBH9cUHY9+EfV6C8PXC6YJH++WrliEq03wMSJGNZFg==",
      "dev": true,
      "dependencies": {
        "md5-hex": {
          "version": "1.3.0",
          "resolved": "https://registry.npmjs.org/md5-hex/-/md5-hex-1.3.0.tgz",
          "integrity": "sha1-0sSv6YPENwZiF5uMrRRSGRNQRsQ="
        },
        "package-hash": {
          "version": "1.2.0",
          "resolved": "https://registry.npmjs.org/package-hash/-/package-hash-1.2.0.tgz",
          "integrity": "sha1-AD5WzVe3NqbtYRTMK4FUJnJ3DkQ="
        }
      }
    },
    "@ava/babel-preset-transform-test-files": {
      "version": "3.0.0",
      "resolved": "https://registry.npmjs.org/@ava/babel-preset-transform-test-files/-/babel-preset-transform-test-files-3.0.0.tgz",
      "integrity": "sha1-ze0RlqjY2TgaUJJAq5LpGl7Aafc=",
      "dev": true
    },
    "@ava/write-file-atomic": {
      "version": "2.2.0",
      "resolved": "https://registry.npmjs.org/@ava/write-file-atomic/-/write-file-atomic-2.2.0.tgz",
      "integrity": "sha512-BTNB3nGbEfJT+69wuqXFr/bQH7Vr7ihx2xGOMNqPgDGhwspoZhiWumDDZNjBy7AScmqS5CELIOGtPVXESyrnDA==",
      "dev": true
    },
    "@concordance/react": {
      "version": "1.0.0",
      "resolved": "https://registry.npmjs.org/@concordance/react/-/react-1.0.0.tgz",
      "integrity": "sha512-htrsRaQX8Iixlsek8zQU7tE8wcsTQJ5UhZkSPEA8slCDAisKpC/2VgU/ucPn32M5/LjGGXRaUEKvEw1Wiuu4zQ==",
      "dev": true
    },
    "@google/maps": {
      "version": "0.4.2",
      "resolved": "https://registry.npmjs.org/@google/maps/-/maps-0.4.2.tgz",
      "integrity": "sha1-c/VKiblPvT23sjKVCShpSIa3i1k=",
      "dev": true
    },
    "ansi-align": {
      "version": "2.0.0",
      "resolved": "https://registry.npmjs.org/ansi-align/-/ansi-align-2.0.0.tgz",
      "integrity": "sha1-w2rsy6VjuJzrVW82kPCx2eNUf38=",
      "dev": true
    },
    "arr-flatten": {
      "version": "1.0.3",
      "resolved": "https://registry.npmjs.org/arr-flatten/-/arr-flatten-1.0.3.tgz",
      "integrity": "sha1-onTthawIhJtr14R8RYB0XcUa37E=",
      "dev": true
    },
    "array-union": {
      "version": "1.0.2",
      "resolved": "https://registry.npmjs.org/array-union/-/array-union-1.0.2.tgz",
      "integrity": "sha1-mjRBDk9OPaI96jdb5b5w8kd47Dk=",
      "dev": true
    },
    "array-uniq": {
      "version": "1.0.3",
      "resolved": "https://registry.npmjs.org/array-uniq/-/array-uniq-1.0.3.tgz",
      "integrity": "sha1-r2rId6Jcx/dOBYiUdThY39sk/bY=",
      "dev": true
    },
    "arrify": {
      "version": "1.0.1",
      "resolved": "https://registry.npmjs.org/arrify/-/arrify-1.0.1.tgz",
      "integrity": "sha1-iYUI2iIm84DfkEcoRWhJwVAaSw0=",
      "dev": true
    },
    "auto-bind": {
      "version": "1.1.0",
      "resolved": "https://registry.npmjs.org/auto-bind/-/auto-bind-1.1.0.tgz",
      "integrity": "sha1-k7hk3H7gGjJigXddXHXKCnUeWWE=",
      "dev": true
    },
    "ava": {
      "version": "0.24.0",
      "resolved": "https://registry.npmjs.org/ava/-/ava-0.24.0.tgz",
      "integrity": "sha512-o/ykNzsWB5qgh1cR9jzVw0E1y4E219aXl9njNFGSamSCsD7VhPd3aoZabNZuG1PSVMZmQ8RuwKnTuz/loNhKnw==",
      "dev": true,
      "requires": {
        "@ava/babel-preset-stage-4": "^1.1.0",
        "@ava/babel-preset-transform-test-files": "^3.0.0",
        "@ava/write-file-atomic": "^2.2.0",
        "@concordance/react": "^1.0.0",
        "ansi-escapes": "^3.0.0",
        "ansi-styles": "^3.1.0",
        "arr-flatten": "^1.0.1",
        "array-union": "^1.0.1",
        "array-uniq": "^1.0.2",
        "arrify": "^1.0.0",
        "auto-bind": "^1.1.0",
        "ava-init": "^0.2.0",
        "babel-core": "^6.17.0",
        "babel-generator": "^6.26.0",
        "babel-plugin-syntax-object-rest-spread": "^6.13.0",
        "bluebird": "^3.0.0",
        "caching-transform": "^1.0.0",
        "chalk": "^2.0.1",
        "chokidar": "^1.4.2",
        "clean-stack": "^1.1.1",
        "clean-yaml-object": "^0.1.0",
        "cli-cursor": "^2.1.0",
        "cli-spinners": "^1.0.0",
        "cli-truncate": "^1.0.0",
        "co-with-promise": "^4.6.0",
        "code-excerpt": "^2.1.0",
        "common-path-prefix": "^1.0.0",
        "concordance": "^3.0.0",
        "convert-source-map": "^1.2.0",
        "core-assert": "^0.2.0",
        "currently-unhandled": "^0.4.1",
        "debug": "^3.0.1",
        "dot-prop": "^4.1.0",
        "empower-core": "^0.6.1",
        "equal-length": "^1.0.0",
        "figures": "^2.0.0",
        "find-cache-dir": "^1.0.0",
        "fn-name": "^2.0.0",
        "get-port": "^3.0.0",
        "globby": "^6.0.0",
        "has-flag": "^2.0.0",
        "hullabaloo-config-manager": "^1.1.0",
        "ignore-by-default": "^1.0.0",
        "import-local": "^0.1.1",
        "indent-string": "^3.0.0",
        "is-ci": "^1.0.7",
        "is-generator-fn": "^1.0.0",
        "is-obj": "^1.0.0",
        "is-observable": "^1.0.0",
        "is-promise": "^2.1.0",
        "js-yaml": "^3.8.2",
        "last-line-stream": "^1.0.0",
        "lodash.clonedeepwith": "^4.5.0",
        "lodash.debounce": "^4.0.3",
        "lodash.difference": "^4.3.0",
        "lodash.flatten": "^4.2.0",
        "loud-rejection": "^1.2.0",
        "make-dir": "^1.0.0",
        "matcher": "^1.0.0",
        "md5-hex": "^2.0.0",
        "meow": "^3.7.0",
        "ms": "^2.0.0",
        "multimatch": "^2.1.0",
        "observable-to-promise": "^0.5.0",
        "option-chain": "^1.0.0",
        "package-hash": "^2.0.0",
        "pkg-conf": "^2.0.0",
        "plur": "^2.0.0",
        "pretty-ms": "^3.0.0",
        "require-precompiled": "^0.1.0",
        "resolve-cwd": "^2.0.0",
        "safe-buffer": "^5.1.1",
        "semver": "^5.4.1",
        "slash": "^1.0.0",
        "source-map-support": "^0.5.0",
        "stack-utils": "^1.0.1",
        "strip-ansi": "^4.0.0",
        "strip-bom-buf": "^1.0.0",
        "supports-color": "^5.0.0",
        "time-require": "^0.1.2",
        "trim-off-newlines": "^1.0.1",
        "unique-temp-dir": "^1.0.0",
        "update-notifier": "^2.3.0"
      },
      "dependencies": {
        "ansi-escapes": {
          "version": "3.2.0",
          "resolved": "https://registry.npmjs.org/ansi-escapes/-/ansi-escapes-3.2.0.tgz",
          "integrity": "sha512-cBhpre4ma+U0T1oM5fXg7Dy1Jw7zzwv7lt/GoCpr+hDQJoYnKVPLL4dCvSEFMmQurOQvSrwT7SL/DAlhBI97RQ==",
          "dev": true
        },
        "ansi-regex": {
          "version": "3.0.0",
          "resolved": "https://registry.npmjs.org/ansi-regex/-/ansi-regex-3.0.0.tgz",
          "integrity": "sha1-7QMXwyIGT3lGbAKWa922Bas32Zg=",
          "dev": true
        },
        "ansi-styles": {
          "version": "3.2.1",
          "resolved": "https://registry.npmjs.org/ansi-styles/-/ansi-styles-3.2.1.tgz",
          "integrity": "sha512-VT0ZI6kZRdTh8YyJw3SMbYm/u+NqfsAxEpWO0Pf9sq8/e94WxxOpPKx9FR1FlyCtOVDNOQ+8ntlqFxiRc+r5qA==",
          "dev": true,
          "requires": {
            "color-convert": "^1.9.0"
          }
        },
        "babel-generator": {
          "version": "6.26.1",
          "resolved": "https://registry.npmjs.org/babel-generator/-/babel-generator-6.26.1.tgz",
          "integrity": "sha512-HyfwY6ApZj7BYTcJURpM5tznulaBvyio7/0d4zFOeMPUmfxkCjHocCuoLa2SAGzBI8AREcH3eP3758F672DppA==",
          "dev": true,
          "requires": {
            "babel-messages": "^6.23.0",
            "babel-runtime": "^6.26.0",
            "babel-types": "^6.26.0",
            "detect-indent": "^4.0.0",
            "jsesc": "^1.3.0",
            "lodash": "^4.17.4",
            "source-map": "^0.5.7",
            "trim-right": "^1.0.1"
          }
        },
        "babel-runtime": {
          "version": "6.26.0",
          "resolved": "https://registry.npmjs.org/babel-runtime/-/babel-runtime-6.26.0.tgz",
          "integrity": "sha1-llxwWGaOgrVde/4E/yM3vItWR/4=",
          "dev": true,
          "requires": {
            "core-js": "^2.4.0",
            "regenerator-runtime": "^0.11.0"
          }
        },
        "babel-types": {
          "version": "6.26.0",
          "resolved": "https://registry.npmjs.org/babel-types/-/babel-types-6.26.0.tgz",
          "integrity": "sha1-o7Bz+Uq0nrb6Vc1lInozQ4BjJJc=",
          "dev": true,
          "requires": {
            "babel-runtime": "^6.26.0",
            "esutils": "^2.0.2",
            "lodash": "^4.17.4",
            "to-fast-properties": "^1.0.3"
          }
        },
        "boxen": {
          "version": "1.3.0",
          "resolved": "https://registry.npmjs.org/boxen/-/boxen-1.3.0.tgz",
          "integrity": "sha512-TNPjfTr432qx7yOjQyaXm3dSR0MH9vXp7eT1BFSl/C51g+EFnOR9hTg1IreahGBmDNCehscshe45f+C1TBZbLw==",
          "dev": true,
          "requires": {
            "ansi-align": "^2.0.0",
            "camelcase": "^4.0.0",
            "chalk": "^2.0.1",
            "cli-boxes": "^1.0.0",
            "string-width": "^2.0.0",
            "term-size": "^1.2.0",
            "widest-line": "^2.0.0"
          }
        },
        "camelcase": {
          "version": "4.1.0",
          "resolved": "https://registry.npmjs.org/camelcase/-/camelcase-4.1.0.tgz",
          "integrity": "sha1-1UVjW+HjPFQmScaRc+Xeas+uNN0=",
          "dev": true
        },
        "chalk": {
          "version": "2.4.2",
          "resolved": "https://registry.npmjs.org/chalk/-/chalk-2.4.2.tgz",
          "integrity": "sha512-Mti+f9lpJNcwF4tWV8/OrTTtF1gZi+f8FqlyAdouralcFWFQWF2+NgCHShjkCb+IFBLq9buZwE1xckQU4peSuQ==",
          "dev": true,
          "requires": {
            "ansi-styles": "^3.2.1",
            "escape-string-regexp": "^1.0.5",
            "supports-color": "^5.3.0"
          }
        },
        "concordance": {
          "version": "3.0.0",
          "resolved": "https://registry.npmjs.org/concordance/-/concordance-3.0.0.tgz",
          "integrity": "sha512-CZBzJ3/l5QJjlZM20WY7+5GP5pMTw+1UEbThcpMw8/rojsi5sBCiD8ZbBLtD+jYpRGAkwuKuqk108c154V9eyQ==",
          "dev": true,
          "requires": {
            "date-time": "^2.1.0",
            "esutils": "^2.0.2",
            "fast-diff": "^1.1.1",
            "function-name-support": "^0.2.0",
            "js-string-escape": "^1.0.1",
            "lodash.clonedeep": "^4.5.0",
            "lodash.flattendeep": "^4.4.0",
            "lodash.merge": "^4.6.0",
            "md5-hex": "^2.0.0",
            "semver": "^5.3.0",
            "well-known-symbols": "^1.0.0"
          }
        },
        "cross-spawn": {
          "version": "5.1.0",
          "resolved": "https://registry.npmjs.org/cross-spawn/-/cross-spawn-5.1.0.tgz",
          "integrity": "sha1-6L0O/uWPz/b4+UUQoKVUu/ojVEk=",
          "dev": true,
          "requires": {
            "lru-cache": "^4.0.1",
            "shebang-command": "^1.2.0",
            "which": "^1.2.9"
          }
        },
        "date-time": {
          "version": "2.1.0",
          "resolved": "https://registry.npmjs.org/date-time/-/date-time-2.1.0.tgz",
          "integrity": "sha512-/9+C44X7lot0IeiyfgJmETtRMhBidBYM2QFFIkGa0U1k+hSyY87Nw7PY3eDqpvCBm7I3WCSfPeZskW/YYq6m4g==",
          "dev": true,
          "requires": {
            "time-zone": "^1.0.0"
          }
        },
        "debug": {
          "version": "3.2.6",
          "resolved": "https://registry.npmjs.org/debug/-/debug-3.2.6.tgz",
          "integrity": "sha512-mel+jf7nrtEl5Pn1Qx46zARXKDpBbvzezse7p7LqINmdoIk8PYP5SySaxEmYv6TZ0JyEKA1hsCId6DIhgITtWQ==",
          "dev": true,
          "requires": {
            "ms": "^2.1.1"
          }
        },
        "execa": {
          "version": "0.7.0",
          "resolved": "https://registry.npmjs.org/execa/-/execa-0.7.0.tgz",
          "integrity": "sha1-lEvs00zEHuMqY6n68nrVpl/Fl3c=",
          "dev": true,
          "requires": {
            "cross-spawn": "^5.0.1",
            "get-stream": "^3.0.0",
            "is-stream": "^1.1.0",
            "npm-run-path": "^2.0.0",
            "p-finally": "^1.0.0",
            "signal-exit": "^3.0.0",
            "strip-eof": "^1.0.0"
          }
        },
        "find-cache-dir": {
          "version": "1.0.0",
          "resolved": "https://registry.npmjs.org/find-cache-dir/-/find-cache-dir-1.0.0.tgz",
          "integrity": "sha1-kojj6ePMN0hxfTnq3hfPcfww7m8=",
          "dev": true,
          "requires": {
            "commondir": "^1.0.1",
            "make-dir": "^1.0.0",
            "pkg-dir": "^2.0.0"
          }
        },
        "get-stream": {
          "version": "3.0.0",
          "resolved": "https://registry.npmjs.org/get-stream/-/get-stream-3.0.0.tgz",
          "integrity": "sha1-jpQ9E1jcN1VQVOy+LtsFqhdO3hQ=",
          "dev": true
        },
        "is-observable": {
          "version": "1.1.0",
          "resolved": "https://registry.npmjs.org/is-observable/-/is-observable-1.1.0.tgz",
          "integrity": "sha512-NqCa4Sa2d+u7BWc6CukaObG3Fh+CU9bvixbpcXYhy2VvYS7vVGIdAgnIS5Ks3A/cqk4rebLJ9s8zBstT2aKnIA==",
          "dev": true,
          "requires": {
            "symbol-observable": "^1.1.0"
          }
        },
        "jsesc": {
          "version": "1.3.0",
          "resolved": "https://registry.npmjs.org/jsesc/-/jsesc-1.3.0.tgz",
          "integrity": "sha1-RsP+yMGJKxKwgz25vHYiF226s0s=",
          "dev": true
        },
        "matcher": {
          "version": "1.1.1",
          "resolved": "https://registry.npmjs.org/matcher/-/matcher-1.1.1.tgz",
          "integrity": "sha512-+BmqxWIubKTRKNWx/ahnCkk3mG8m7OturVlqq6HiojGJTd5hVYbgZm6WzcYPCoB+KBT4Vd6R7WSRG2OADNaCjg==",
          "dev": true,
          "requires": {
            "escape-string-regexp": "^1.0.4"
          }
        },
        "ms": {
          "version": "2.1.2",
          "resolved": "https://registry.npmjs.org/ms/-/ms-2.1.2.tgz",
          "integrity": "sha512-sGkPx+VjMtmA6MX27oA4FBFELFCZZ4S4XqeGOXCv68tT+jb3vk/RyaKWP0PTKyWtmLSM0b+adUTEvbs1PEaH2w==",
          "dev": true
        },
        "option-chain": {
          "version": "1.0.0",
          "resolved": "https://registry.npmjs.org/option-chain/-/option-chain-1.0.0.tgz",
          "integrity": "sha1-k41zvU4Xg/lI00AjZEraI2aeMPI=",
          "dev": true
        },
        "pkg-dir": {
          "version": "2.0.0",
          "resolved": "https://registry.npmjs.org/pkg-dir/-/pkg-dir-2.0.0.tgz",
          "integrity": "sha1-9tXREJ4Z1j7fQo4L1X4Sd3YVM0s=",
          "dev": true,
          "requires": {
            "find-up": "^2.1.0"
          }
        },
        "pretty-ms": {
          "version": "3.2.0",
          "resolved": "https://registry.npmjs.org/pretty-ms/-/pretty-ms-3.2.0.tgz",
          "integrity": "sha512-ZypexbfVUGTFxb0v+m1bUyy92DHe5SyYlnyY0msyms5zd3RwyvNgyxZZsXXgoyzlxjx5MiqtXUdhUfvQbe0A2Q==",
          "dev": true,
          "requires": {
            "parse-ms": "^1.0.0"
          }
        },
        "regenerator-runtime": {
          "version": "0.11.1",
          "resolved": "https://registry.npmjs.org/regenerator-runtime/-/regenerator-runtime-0.11.1.tgz",
          "integrity": "sha512-MguG95oij0fC3QV3URf4V2SDYGJhJnJGqvIIgdECeODCT98wSWDAJ94SSuVpYQUoTcGUIL6L4yNB7j1DFFHSBg==",
          "dev": true
        },
        "resolve-cwd": {
          "version": "2.0.0",
          "resolved": "https://registry.npmjs.org/resolve-cwd/-/resolve-cwd-2.0.0.tgz",
          "integrity": "sha1-AKn3OHVW4nA46uIyyqNypqWbZlo=",
          "dev": true,
          "requires": {
            "resolve-from": "^3.0.0"
          }
        },
        "semver": {
          "version": "5.7.1",
          "resolved": "https://registry.npmjs.org/semver/-/semver-5.7.1.tgz",
          "integrity": "sha512-sauaDf/PZdVgrLTNYHRtpXa1iRiKcaebiKQ1BJdpQlWH2lCvexQdX55snPFyK7QzpudqbCI0qXFfOasHdyNDGQ==",
          "dev": true
        },
        "source-map": {
          "version": "0.5.7",
          "resolved": "https://registry.npmjs.org/source-map/-/source-map-0.5.7.tgz",
          "integrity": "sha1-igOdLRAh0i0eoUyA2OpGi6LvP8w=",
          "dev": true
        },
        "source-map-support": {
          "version": "0.5.16",
          "resolved": "https://registry.npmjs.org/source-map-support/-/source-map-support-0.5.16.tgz",
          "integrity": "sha512-efyLRJDr68D9hBBNIPWFjhpFzURh+KJykQwvMyW5UiZzYwoF6l4YMMDIJJEyFWxWCqfyxLzz6tSfUFR+kXXsVQ==",
          "dev": true,
          "requires": {
            "buffer-from": "^1.0.0",
            "source-map": "^0.6.0"
          },
          "dependencies": {
            "source-map": {
              "version": "0.6.1",
              "resolved": "https://registry.npmjs.org/source-map/-/source-map-0.6.1.tgz",
              "integrity": "sha512-UjgapumWlbMhkBgzT7Ykc5YXUT46F0iKu8SGXq0bcwP5dz/h0Plj6enJqjz1Zbq2l5WaqYnrVbwWOWMyF3F47g==",
              "dev": true
            }
          }
        },
        "strip-ansi": {
          "version": "4.0.0",
          "resolved": "https://registry.npmjs.org/strip-ansi/-/strip-ansi-4.0.0.tgz",
          "integrity": "sha1-qEeQIusaw2iocTibY1JixQXuNo8=",
          "dev": true,
          "requires": {
            "ansi-regex": "^3.0.0"
          }
        },
        "supports-color": {
          "version": "5.5.0",
          "resolved": "https://registry.npmjs.org/supports-color/-/supports-color-5.5.0.tgz",
          "integrity": "sha512-QjVjwdXIt408MIiAqCX4oUKsgU2EqAGzs2Ppkm4aQYbjm+ZEWEcW4SfFNTr4uMNZma0ey4f5lgLrkB0aX0QMow==",
          "dev": true,
          "requires": {
            "has-flag": "^3.0.0"
          },
          "dependencies": {
            "has-flag": {
              "version": "3.0.0",
              "resolved": "https://registry.npmjs.org/has-flag/-/has-flag-3.0.0.tgz",
              "integrity": "sha1-tdRU3CGZriJWmfNGfloH87lVuv0=",
              "dev": true
            }
          }
        },
        "symbol-observable": {
          "version": "1.2.0",
          "resolved": "https://registry.npmjs.org/symbol-observable/-/symbol-observable-1.2.0.tgz",
          "integrity": "sha512-e900nM8RRtGhlV36KGEU9k65K3mPb1WV70OdjfxlG2EAuM1noi/E/BaW/uMhL7bPEssK8QV57vN3esixjUvcXQ==",
          "dev": true
        },
        "term-size": {
          "version": "1.2.0",
          "resolved": "https://registry.npmjs.org/term-size/-/term-size-1.2.0.tgz",
          "integrity": "sha1-RYuDiH8oj8Vtb/+/rSYuJmOO+mk=",
          "dev": true,
          "requires": {
            "execa": "^0.7.0"
          }
        },
        "update-notifier": {
          "version": "2.5.0",
          "resolved": "https://registry.npmjs.org/update-notifier/-/update-notifier-2.5.0.tgz",
          "integrity": "sha512-gwMdhgJHGuj/+wHJJs9e6PcCszpxR1b236igrOkUofGhqJuG+amlIKwApH1IW1WWl7ovZxsX49lMBWLxSdm5Dw==",
          "dev": true,
          "requires": {
            "boxen": "^1.2.1",
            "chalk": "^2.0.1",
            "configstore": "^3.0.0",
            "import-lazy": "^2.1.0",
            "is-ci": "^1.0.10",
            "is-installed-globally": "^0.1.0",
            "is-npm": "^1.0.0",
            "latest-version": "^3.0.0",
            "semver-diff": "^2.0.0",
            "xdg-basedir": "^3.0.0"
          }
        },
        "widest-line": {
          "version": "2.0.1",
          "resolved": "https://registry.npmjs.org/widest-line/-/widest-line-2.0.1.tgz",
          "integrity": "sha512-Ba5m9/Fa4Xt9eb2ELXt77JxVDV8w7qQrH0zS/TWSJdLyAwQjWoOzpzj5lwVftDz6n/EOu3tNACS84v509qwnJA==",
          "dev": true,
          "requires": {
            "string-width": "^2.1.1"
          },
          "dependencies": {
            "string-width": {
              "version": "2.1.1",
              "resolved": "https://registry.npmjs.org/string-width/-/string-width-2.1.1.tgz",
              "integrity": "sha512-nOqH59deCq9SRHlxq1Aw85Jnt4w6KvLKqWVik6oA9ZklXLNIOlqg4F2yrT1MVaTjAqvVwdfeZ7w7aCvJD7ugkw==",
              "dev": true,
              "requires": {
                "is-fullwidth-code-point": "^2.0.0",
                "strip-ansi": "^4.0.0"
              }
            }
          }
        }
      }
    },
    "ava-init": {
      "version": "0.2.0",
      "resolved": "https://registry.npmjs.org/ava-init/-/ava-init-0.2.0.tgz",
      "integrity": "sha1-kwTItMNX1m49/a4fv/R7EZnVxV0=",
      "dev": true
    },
    "babel-core": {
      "version": "6.25.0",
      "resolved": "https://registry.npmjs.org/babel-core/-/babel-core-6.25.0.tgz",
      "integrity": "sha1-fdQrBGPHQunVKW3rPsZ6kyLa1yk=",
      "dev": true
    },
    "babel-messages": {
      "version": "6.23.0",
      "resolved": "https://registry.npmjs.org/babel-messages/-/babel-messages-6.23.0.tgz",
      "integrity": "sha1-8830cDhYA1sqKVHG7F7fbGLyYw4=",
      "dev": true
    },
    "babel-plugin-syntax-object-rest-spread": {
      "version": "6.13.0",
      "resolved": "https://registry.npmjs.org/babel-plugin-syntax-object-rest-spread/-/babel-plugin-syntax-object-rest-spread-6.13.0.tgz",
      "integrity": "sha1-/WU28rzhODb/o6VFjEkDpZe7O/U=",
      "dev": true
    },
    "bluebird": {
      "version": "3.5.0",
      "resolved": "https://registry.npmjs.org/bluebird/-/bluebird-3.5.0.tgz",
      "integrity": "sha1-eRQg1/VR7qKJdFOop3ZT+WYG1nw=",
      "dev": true
    },
    "buffer-from": {
      "version": "1.1.1",
      "resolved": "https://registry.npmjs.org/buffer-from/-/buffer-from-1.1.1.tgz",
      "integrity": "sha512-MQcXEUbCKtEo7bhqEs6560Hyd4XaovZlO/k9V3hjVUF/zwW7KBVdSK4gIt/bzwS9MbR5qob+F5jusZsb0YQK2A==",
      "dev": true
    },
    "caching-transform": {
      "version": "1.0.1",
      "resolved": "https://registry.npmjs.org/caching-transform/-/caching-transform-1.0.1.tgz",
      "integrity": "sha1-bb2y8g+Nj7znnz6U6dF0Lc31wKE=",
      "dev": true,
      "dependencies": {
        "md5-hex": {
          "version": "1.3.0",
          "resolved": "https://registry.npmjs.org/md5-hex/-/md5-hex-1.3.0.tgz",
          "integrity": "sha1-0sSv6YPENwZiF5uMrRRSGRNQRsQ="
        },
        "write-file-atomic": {
          "version": "1.3.4",
          "resolved": "https://registry.npmjs.org/write-file-atomic/-/write-file-atomic-1.3.4.tgz",
          "integrity": "sha1-+Aek8LHZ6ROuekgRLmzDrxmRtF8="
        }
      }
    },
    "chokidar": {
      "version": "1.7.0",
      "resolved": "https://registry.npmjs.org/chokidar/-/chokidar-1.7.0.tgz",
      "integrity": "sha1-eY5ol3gVHIB2tLNg5e3SjNortGg=",
      "dev": true
    },
    "clean-stack": {
      "version": "1.3.0",
      "resolved": "https://registry.npmjs.org/clean-stack/-/clean-stack-1.3.0.tgz",
      "integrity": "sha1-noIVAa6XmYbEax1m0tQy2y/UrjE=",
      "dev": true
    },
    "clean-yaml-object": {
      "version": "0.1.0",
      "resolved": "https://registry.npmjs.org/clean-yaml-object/-/clean-yaml-object-0.1.0.tgz",
      "integrity": "sha1-Y/sRDcLOGoTcIfbZM0h20BCui2g=",
      "dev": true
    },
    "cli-boxes": {
      "version": "1.0.0",
      "resolved": "https://registry.npmjs.org/cli-boxes/-/cli-boxes-1.0.0.tgz",
      "integrity": "sha1-T6kXw+WclKAEzWH47lCdplFocUM=",
      "dev": true
    },
    "cli-cursor": {
      "version": "2.1.0",
      "resolved": "https://registry.npmjs.org/cli-cursor/-/cli-cursor-2.1.0.tgz",
      "integrity": "sha1-s12sN2R5+sw+lHR9QdDQ9SOP/LU=",
      "dev": true
    },
    "cli-spinners": {
      "version": "1.0.0",
      "resolved": "https://registry.npmjs.org/cli-spinners/-/cli-spinners-1.0.0.tgz",
      "integrity": "sha1-75h+09SDkaw9q5GAtAanQhgNbmo=",
      "dev": true
    },
    "cli-truncate": {
      "version": "1.0.0",
      "resolved": "https://registry.npmjs.org/cli-truncate/-/cli-truncate-1.0.0.tgz",
      "integrity": "sha1-IeuR9Hs/ZWDwBNt3p2m0Zo2cVRg=",
      "dev": true
    },
    "co-with-promise": {
      "version": "4.6.0",
      "resolved": "https://registry.npmjs.org/co-with-promise/-/co-with-promise-4.6.0.tgz",
      "integrity": "sha1-QT59tvWJOmC5Qs9JLEvsk9tBWrc=",
      "dev": true,
      "dependencies": {
        "pinkie": {
          "version": "1.0.0",
          "resolved": "https://registry.npmjs.org/pinkie/-/pinkie-1.0.0.tgz",
          "integrity": "sha1-Wkfyi6EBXQIBvae/DzWOR77Ix+Q="
        },
        "pinkie-promise": {
          "version": "1.0.0",
          "resolved": "https://registry.npmjs.org/pinkie-promise/-/pinkie-promise-1.0.0.tgz",
          "integrity": "sha1-0dpn9UglY7t89X8oauKCLs+/NnA="
        }
      }
    },
    "code-excerpt": {
      "version": "2.1.0",
      "resolved": "https://registry.npmjs.org/code-excerpt/-/code-excerpt-2.1.0.tgz",
      "integrity": "sha1-XcwIHoj0p+O1VOnjXX7yMtR/gUc=",
      "dev": true
    },
    "color-convert": {
      "version": "1.9.0",
      "resolved": "https://registry.npmjs.org/color-convert/-/color-convert-1.9.0.tgz",
      "integrity": "sha1-Gsz5fdc5uYO/mU1W/sj5WFNkG3o=",
      "dev": true
    },
    "common-path-prefix": {
      "version": "1.0.0",
      "resolved": "https://registry.npmjs.org/common-path-prefix/-/common-path-prefix-1.0.0.tgz",
      "integrity": "sha1-zVL28HEuC6q5fW+XModPIvR3UsA=",
      "dev": true
    },
    "commondir": {
      "version": "1.0.1",
      "resolved": "https://registry.npmjs.org/commondir/-/commondir-1.0.1.tgz",
      "integrity": "sha1-3dgA2gxmEnOTzKWVDqloo6rxJTs=",
      "dev": true
    },
    "configstore": {
      "version": "3.1.0",
      "resolved": "https://registry.npmjs.org/configstore/-/configstore-3.1.0.tgz",
      "integrity": "sha1-Rd+QcHPibfoc9LLVL1tgVF6qEdE=",
      "dev": true
    },
    "convert-source-map": {
      "version": "1.5.0",
      "resolved": "https://registry.npmjs.org/convert-source-map/-/convert-source-map-1.5.0.tgz",
      "integrity": "sha1-ms1whRxtXf3ZPZKC5e35SgP/RrU=",
      "dev": true
    },
    "core-assert": {
      "version": "0.2.1",
      "resolved": "https://registry.npmjs.org/core-assert/-/core-assert-0.2.1.tgz",
      "integrity": "sha1-+F4s+b/tKPdzzIs/pcW2m9wC/j8=",
      "dev": true
    },
    "core-js": {
      "version": "2.4.1",
      "resolved": "https://registry.npmjs.org/core-js/-/core-js-2.4.1.tgz",
      "integrity": "sha1-TekR5mew6ukSTjQlS1OupvxhjT4=",
      "dev": true
    },
    "currently-unhandled": {
      "version": "0.4.1",
      "resolved": "https://registry.npmjs.org/currently-unhandled/-/currently-unhandled-0.4.1.tgz",
      "integrity": "sha1-mI3zP+qxke95mmE2nddsF635V+o=",
      "dev": true
    },
    "detect-indent": {
      "version": "4.0.0",
      "resolved": "https://registry.npmjs.org/detect-indent/-/detect-indent-4.0.0.tgz",
      "integrity": "sha1-920GQ1LN9Docts5hnE7jqUdd4gg=",
      "dev": true
    },
    "dot-prop": {
      "version": "4.1.1",
      "resolved": "https://registry.npmjs.org/dot-prop/-/dot-prop-4.1.1.tgz",
      "integrity": "sha1-qEk/C3te7sglJbXHWH+n3nyoWcE=",
      "dev": true
    },
    "dtslint": {
      "version": "0.1.2",
      "resolved": "https://registry.npmjs.org/dtslint/-/dtslint-0.1.2.tgz",
      "integrity": "sha1-V0vrcmM/RSaJYF3hgG2mKBRSrC4=",
      "dev": true
    },
    "empower-core": {
      "version": "0.6.2",
      "resolved": "https://registry.npmjs.org/empower-core/-/empower-core-0.6.2.tgz",
      "integrity": "sha1-Wt71ZgiOMfuoC6CjbfR9cJQWkUQ=",
      "dev": true
    },
    "equal-length": {
      "version": "1.0.1",
      "resolved": "https://registry.npmjs.org/equal-length/-/equal-length-1.0.1.tgz",
      "integrity": "sha1-IcoRLUirJLTh5//A5TOdMf38J0w=",
      "dev": true
    },
    "escape-string-regexp": {
      "version": "1.0.5",
      "resolved": "https://registry.npmjs.org/escape-string-regexp/-/escape-string-regexp-1.0.5.tgz",
      "integrity": "sha1-G2HAViGQqN/2rjuyzwIAyhMLhtQ=",
      "dev": true
    },
    "esutils": {
      "version": "2.0.2",
      "resolved": "https://registry.npmjs.org/esutils/-/esutils-2.0.2.tgz",
      "integrity": "sha1-Cr9PHKpbyx96nYrMbepPqqBLrJs=",
      "dev": true
    },
    "fast-diff": {
      "version": "1.1.1",
      "resolved": "https://registry.npmjs.org/fast-diff/-/fast-diff-1.1.1.tgz",
      "integrity": "sha1-CuoOTmBbaiGJ8Ok21Lf7rxt8/Zs=",
      "dev": true
    },
    "figures": {
      "version": "2.0.0",
      "resolved": "https://registry.npmjs.org/figures/-/figures-2.0.0.tgz",
      "integrity": "sha1-OrGi0qYsi/tDGgyUy3l6L84nyWI=",
      "dev": true
    },
    "find-up": {
      "version": "2.1.0",
      "resolved": "https://registry.npmjs.org/find-up/-/find-up-2.1.0.tgz",
      "integrity": "sha1-RdG35QbHF93UgndaK3eSCjwMV6c=",
      "dev": true
    },
    "fn-name": {
      "version": "2.0.1",
      "resolved": "https://registry.npmjs.org/fn-name/-/fn-name-2.0.1.tgz",
      "integrity": "sha1-UhTXU3pNBqSjAcDMJi/rhBiAAuc=",
      "dev": true
    },
    "function-name-support": {
      "version": "0.2.0",
      "resolved": "https://registry.npmjs.org/function-name-support/-/function-name-support-0.2.0.tgz",
      "integrity": "sha1-VdO/qm6v1QWlD5vIH99XVkoLsHE=",
      "dev": true
    },
    "get-port": {
      "version": "3.1.0",
      "resolved": "https://registry.npmjs.org/get-port/-/get-port-3.1.0.tgz",
      "integrity": "sha1-7wGxioTKZIaXD/meVERhQac//T4=",
      "dev": true
    },
    "global-dirs": {
      "version": "0.1.1",
      "resolved": "https://registry.npmjs.org/global-dirs/-/global-dirs-0.1.1.tgz",
      "integrity": "sha1-sxnA3UYH81PzvpzKTHL8FIxJ9EU=",
      "dev": true,
      "requires": {
        "ini": "^1.3.4"
      }
    },
    "globby": {
      "version": "6.1.0",
      "resolved": "https://registry.npmjs.org/globby/-/globby-6.1.0.tgz",
      "integrity": "sha1-9abXDoOV4hyFj7BInWTfAkJNUGw=",
      "dev": true
    },
    "has-flag": {
      "version": "2.0.0",
      "resolved": "https://registry.npmjs.org/has-flag/-/has-flag-2.0.0.tgz",
      "integrity": "sha1-6CB68cx7MNRGzHC3NLXovhj4jVE=",
      "dev": true
    },
    "hullabaloo-config-manager": {
      "version": "1.1.1",
      "resolved": "https://registry.npmjs.org/hullabaloo-config-manager/-/hullabaloo-config-manager-1.1.1.tgz",
      "integrity": "sha512-ztKnkZV0TmxnumCDHHgLGNiDnotu4EHCp9YMkznWuo4uTtCyJ+cu+RNcxUeXYKTllpvLFWnbfWry09yzszgg+A==",
      "dev": true,
      "dependencies": {
        "pkg-dir": {
          "version": "2.0.0",
          "resolved": "https://registry.npmjs.org/pkg-dir/-/pkg-dir-2.0.0.tgz",
          "integrity": "sha1-9tXREJ4Z1j7fQo4L1X4Sd3YVM0s="
        }
      }
    },
    "ignore-by-default": {
      "version": "1.0.1",
      "resolved": "https://registry.npmjs.org/ignore-by-default/-/ignore-by-default-1.0.1.tgz",
      "integrity": "sha1-SMptcvbGo68Aqa1K5odr44ieKwk=",
      "dev": true
    },
    "import-lazy": {
      "version": "2.1.0",
      "resolved": "https://registry.npmjs.org/import-lazy/-/import-lazy-2.1.0.tgz",
      "integrity": "sha1-BWmOPUXIjo1+nZLLBYTnfwlvPkM=",
      "dev": true
    },
    "import-local": {
      "version": "0.1.1",
      "resolved": "https://registry.npmjs.org/import-local/-/import-local-0.1.1.tgz",
      "integrity": "sha1-sReVcqrNwRxqkQCftDDbyrX2aKg=",
      "dev": true,
      "dependencies": {
        "pkg-dir": {
          "version": "2.0.0",
          "resolved": "https://registry.npmjs.org/pkg-dir/-/pkg-dir-2.0.0.tgz",
          "integrity": "sha1-9tXREJ4Z1j7fQo4L1X4Sd3YVM0s="
        },
        "resolve-cwd": {
          "version": "2.0.0",
          "resolved": "https://registry.npmjs.org/resolve-cwd/-/resolve-cwd-2.0.0.tgz",
          "integrity": "sha1-AKn3OHVW4nA46uIyyqNypqWbZlo="
        }
      }
    },
    "indent-string": {
      "version": "3.1.0",
      "resolved": "https://registry.npmjs.org/indent-string/-/indent-string-3.1.0.tgz",
      "integrity": "sha1-CP9DNGAziDmbMp5rlTjcejz13n0=",
      "dev": true
    },
    "ini": {
      "version": "1.3.4",
      "resolved": "https://registry.npmjs.org/ini/-/ini-1.3.4.tgz",
      "integrity": "sha1-BTfLedr1m1mhpRff9wbIbsA5Fi4=",
      "dev": true
    },
    "is-ci": {
      "version": "1.0.10",
      "resolved": "https://registry.npmjs.org/is-ci/-/is-ci-1.0.10.tgz",
      "integrity": "sha1-9zkzayYyNlBhqdSCcM1WrjNpMY4=",
      "dev": true
    },
    "is-fullwidth-code-point": {
      "version": "2.0.0",
      "resolved": "https://registry.npmjs.org/is-fullwidth-code-point/-/is-fullwidth-code-point-2.0.0.tgz",
      "integrity": "sha1-o7MKXE8ZkYMWeqq5O+764937ZU8=",
      "dev": true
    },
    "is-generator-fn": {
      "version": "1.0.0",
      "resolved": "https://registry.npmjs.org/is-generator-fn/-/is-generator-fn-1.0.0.tgz",
      "integrity": "sha1-lp1J4bszKfa7fwkIm+JleLLd1Go=",
      "dev": true
    },
    "is-installed-globally": {
      "version": "0.1.0",
      "resolved": "https://registry.npmjs.org/is-installed-globally/-/is-installed-globally-0.1.0.tgz",
      "integrity": "sha1-Df2Y9akRFxbdU13aZJL2e/PSWoA=",
      "dev": true,
      "requires": {
        "global-dirs": "^0.1.0",
        "is-path-inside": "^1.0.0"
      }
    },
    "is-npm": {
      "version": "1.0.0",
      "resolved": "https://registry.npmjs.org/is-npm/-/is-npm-1.0.0.tgz",
      "integrity": "sha1-8vtjpl5JBbQGyGBydloaTceTufQ=",
      "dev": true
    },
    "is-obj": {
      "version": "1.0.1",
      "resolved": "https://registry.npmjs.org/is-obj/-/is-obj-1.0.1.tgz",
      "integrity": "sha1-PkcprB9f3gJc19g6iW2rn09n2w8=",
      "dev": true
    },
    "is-path-inside": {
      "version": "1.0.1",
      "resolved": "https://registry.npmjs.org/is-path-inside/-/is-path-inside-1.0.1.tgz",
      "integrity": "sha1-jvW33lBDej/cprToZe96pVy0gDY=",
      "dev": true,
      "requires": {
        "path-is-inside": "^1.0.1"
      }
    },
    "is-promise": {
      "version": "2.1.0",
      "resolved": "https://registry.npmjs.org/is-promise/-/is-promise-2.1.0.tgz",
      "integrity": "sha1-eaKp7OfwlugPNtKy87wWwf9L8/o=",
      "dev": true
    },
    "is-stream": {
      "version": "1.1.0",
      "resolved": "https://registry.npmjs.org/is-stream/-/is-stream-1.1.0.tgz",
      "integrity": "sha1-EtSj3U5o4Lec6428hBc66A2RykQ=",
      "dev": true
    },
    "js-string-escape": {
      "version": "1.0.1",
      "resolved": "https://registry.npmjs.org/js-string-escape/-/js-string-escape-1.0.1.tgz",
      "integrity": "sha1-4mJbrbwNZ8dTPp7cEGjFh65BN+8=",
      "dev": true
    },
    "js-yaml": {
      "version": "3.8.4",
      "resolved": "https://registry.npmjs.org/js-yaml/-/js-yaml-3.8.4.tgz",
      "integrity": "sha1-UgtFZPhlc7qWZir4Woyvp7S1pvY=",
      "dev": true
    },
    "last-line-stream": {
      "version": "1.0.0",
      "resolved": "https://registry.npmjs.org/last-line-stream/-/last-line-stream-1.0.0.tgz",
      "integrity": "sha1-0bZNafhv8kry0EiDos7uFFIKVgA=",
      "dev": true
    },
    "latest-version": {
      "version": "3.1.0",
      "resolved": "https://registry.npmjs.org/latest-version/-/latest-version-3.1.0.tgz",
      "integrity": "sha1-ogU4P+oyKzO1rjsYq+4NwvNW7hU=",
      "dev": true
    },
    "lodash": {
      "version": "4.17.4",
      "resolved": "https://registry.npmjs.org/lodash/-/lodash-4.17.4.tgz",
      "integrity": "sha1-eCA6TRwyiuHYbcpkYONptX9AVa4=",
      "dev": true
    },
    "lodash.clonedeep": {
      "version": "4.5.0",
      "resolved": "https://registry.npmjs.org/lodash.clonedeep/-/lodash.clonedeep-4.5.0.tgz",
      "integrity": "sha1-4j8/nE+Pvd6HJSnBBxhXoIblzO8=",
      "dev": true
    },
    "lodash.clonedeepwith": {
      "version": "4.5.0",
      "resolved": "https://registry.npmjs.org/lodash.clonedeepwith/-/lodash.clonedeepwith-4.5.0.tgz",
      "integrity": "sha1-buMFc6A6GmDWcKYu8zwQzxr9vdQ=",
      "dev": true
    },
    "lodash.debounce": {
      "version": "4.0.8",
      "resolved": "https://registry.npmjs.org/lodash.debounce/-/lodash.debounce-4.0.8.tgz",
      "integrity": "sha1-gteb/zCmfEAF/9XiUVMArZyk168=",
      "dev": true
    },
    "lodash.difference": {
      "version": "4.5.0",
      "resolved": "https://registry.npmjs.org/lodash.difference/-/lodash.difference-4.5.0.tgz",
      "integrity": "sha1-nMtOUF1Ia5FlE0V3KIWi3yf9AXw=",
      "dev": true
    },
    "lodash.flatten": {
      "version": "4.4.0",
      "resolved": "https://registry.npmjs.org/lodash.flatten/-/lodash.flatten-4.4.0.tgz",
      "integrity": "sha1-8xwiIlqWMtK7+OSt2+8kCqdlph8=",
      "dev": true
    },
    "lodash.flattendeep": {
      "version": "4.4.0",
      "resolved": "https://registry.npmjs.org/lodash.flattendeep/-/lodash.flattendeep-4.4.0.tgz",
      "integrity": "sha1-+wMJF/hqMTTlvJvsDWngAT3f7bI=",
      "dev": true
    },
    "lodash.merge": {
      "version": "4.6.2",
      "resolved": "https://registry.npmjs.org/lodash.merge/-/lodash.merge-4.6.2.tgz",
      "integrity": "sha512-0KpjqXRVvrYyCsX1swR/XTK0va6VQkQM6MNo7PqW77ByjAhoARA8EfrP1N4+KlKj8YS0ZUCtRT/YUuhyYDujIQ==",
      "dev": true
    },
    "loud-rejection": {
      "version": "1.6.0",
      "resolved": "https://registry.npmjs.org/loud-rejection/-/loud-rejection-1.6.0.tgz",
      "integrity": "sha1-W0b4AUft7leIcPCG0Eghz5mOVR8=",
      "dev": true
    },
    "lru-cache": {
      "version": "4.1.1",
      "resolved": "https://registry.npmjs.org/lru-cache/-/lru-cache-4.1.1.tgz",
      "integrity": "sha512-q4spe4KTfsAS1SUHLO0wz8Qiyf1+vMIAgpRYioFYDMNqKfHQbg+AVDH3i4fvpl71/P1L0dBl+fQi+P37UYf0ew==",
      "dev": true
    },
    "make-dir": {
      "version": "1.0.0",
      "resolved": "https://registry.npmjs.org/make-dir/-/make-dir-1.0.0.tgz",
      "integrity": "sha1-l6ARdR6R3YfPre9Ygy67BJNt6Xg=",
      "dev": true
    },
    "md5-hex": {
      "version": "2.0.0",
      "resolved": "https://registry.npmjs.org/md5-hex/-/md5-hex-2.0.0.tgz",
      "integrity": "sha1-0FiOnxx0lUSS7NJKwKxs6ZfZLjM=",
      "dev": true
    },
    "meow": {
      "version": "3.7.0",
      "resolved": "https://registry.npmjs.org/meow/-/meow-3.7.0.tgz",
      "integrity": "sha1-cstmi0JSKCkKu/qFaJJYcwioAfs=",
      "dev": true,
      "dependencies": {
        "find-up": {
          "version": "1.1.2",
          "resolved": "https://registry.npmjs.org/find-up/-/find-up-1.1.2.tgz",
          "integrity": "sha1-ay6YIrGizgpgq2TWEOzK1TyyTQ8="
        },
        "load-json-file": {
          "version": "1.1.0",
          "resolved": "https://registry.npmjs.org/load-json-file/-/load-json-file-1.1.0.tgz",
          "integrity": "sha1-lWkFcI1YtLq0wiYbBPWfMcmTdMA="
        },
        "minimist": {
          "version": "1.2.0",
          "resolved": "https://registry.npmjs.org/minimist/-/minimist-1.2.0.tgz",
          "integrity": "sha1-o1AIsg9BOD7sH7kU9M1d95omQoQ="
        },
        "path-exists": {
          "version": "2.1.0",
          "resolved": "https://registry.npmjs.org/path-exists/-/path-exists-2.1.0.tgz",
          "integrity": "sha1-D+tsZPD8UY2adU3V77YscCJ2H0s="
        },
        "path-type": {
          "version": "1.1.0",
          "resolved": "https://registry.npmjs.org/path-type/-/path-type-1.1.0.tgz",
          "integrity": "sha1-WcRPfuSR2nBNpBXaWkBwuk+P5EE="
        },
        "read-pkg": {
          "version": "1.1.0",
          "resolved": "https://registry.npmjs.org/read-pkg/-/read-pkg-1.1.0.tgz",
          "integrity": "sha1-9f+qXs0pyzHAR0vKfXVra7KePyg="
        },
        "read-pkg-up": {
          "version": "1.0.1",
          "resolved": "https://registry.npmjs.org/read-pkg-up/-/read-pkg-up-1.0.1.tgz",
          "integrity": "sha1-nWPBMnbAZZGNV/ACpX9AobZD+wI="
        },
        "strip-bom": {
          "version": "2.0.0",
          "resolved": "https://registry.npmjs.org/strip-bom/-/strip-bom-2.0.0.tgz",
          "integrity": "sha1-YhmoVhZSBJHzV4i9vxRHqZx+aw4="
        }
      }
    },
    "multimatch": {
      "version": "2.1.0",
      "resolved": "https://registry.npmjs.org/multimatch/-/multimatch-2.1.0.tgz",
      "integrity": "sha1-nHkGoi+0wCkZ4vX3UWG0zb1LKis=",
      "dev": true
    },
    "npm-run-path": {
      "version": "2.0.2",
      "resolved": "https://registry.npmjs.org/npm-run-path/-/npm-run-path-2.0.2.tgz",
      "integrity": "sha1-NakjLfo11wZ7TLLd8jV7GHFTbF8=",
      "dev": true
    },
    "observable-to-promise": {
      "version": "0.5.0",
      "resolved": "https://registry.npmjs.org/observable-to-promise/-/observable-to-promise-0.5.0.tgz",
      "integrity": "sha1-yCjw8NxH6fhq+KSXfF1VB2znqR8=",
      "dev": true,
      "dependencies": {
        "symbol-observable": {
          "version": "1.0.4",
          "resolved": "https://registry.npmjs.org/symbol-observable/-/symbol-observable-1.0.4.tgz",
          "integrity": "sha1-Kb9hXUqnEhvdiYsi1LP5vE4qoD0="
        }
      }
    },
    "p-finally": {
      "version": "1.0.0",
      "resolved": "https://registry.npmjs.org/p-finally/-/p-finally-1.0.0.tgz",
      "integrity": "sha1-P7z7FbiZpEEjs0ttzBi3JDNqLK4=",
      "dev": true
    },
    "package-hash": {
      "version": "2.0.0",
      "resolved": "https://registry.npmjs.org/package-hash/-/package-hash-2.0.0.tgz",
      "integrity": "sha1-eK4ybIngWk2BO2hgGXevBcANKg0=",
      "dev": true
    },
    "parse-ms": {
      "version": "1.0.1",
      "resolved": "https://registry.npmjs.org/parse-ms/-/parse-ms-1.0.1.tgz",
      "integrity": "sha1-VjRtR0nXjyNDDKDHE4UK75GqNh0=",
      "dev": true
    },
    "path-is-inside": {
      "version": "1.0.2",
      "resolved": "https://registry.npmjs.org/path-is-inside/-/path-is-inside-1.0.2.tgz",
      "integrity": "sha1-NlQX3t5EQw0cEa9hAn+s8HS9/FM=",
      "dev": true
    },
    "pkg-conf": {
      "version": "2.0.0",
      "resolved": "https://registry.npmjs.org/pkg-conf/-/pkg-conf-2.0.0.tgz",
      "integrity": "sha1-BxyHZQQDvM+5xif1h1G/5HwGcnk=",
      "dev": true
    },
    "plur": {
      "version": "2.1.2",
      "resolved": "https://registry.npmjs.org/plur/-/plur-2.1.2.tgz",
      "integrity": "sha1-dIJFLBoPUI4+NE6uwxLJHCncZVo=",
      "dev": true
    },
    "require-precompiled": {
      "version": "0.1.0",
      "resolved": "https://registry.npmjs.org/require-precompiled/-/require-precompiled-0.1.0.tgz",
      "integrity": "sha1-WhtS63Dr7UPrmC6XTIWrWVceVvo=",
      "dev": true
    },
    "resolve-from": {
      "version": "3.0.0",
      "resolved": "https://registry.npmjs.org/resolve-from/-/resolve-from-3.0.0.tgz",
      "integrity": "sha1-six699nWiBvItuZTM17rywoYh0g=",
      "dev": true
    },
    "rimraf": {
      "version": "2.6.1",
      "resolved": "https://registry.npmjs.org/rimraf/-/rimraf-2.6.1.tgz",
      "integrity": "sha1-wjOOxkPfeht/5cVPqG9XQopV8z0=",
      "dev": true
    },
    "safe-buffer": {
      "version": "5.1.1",
      "resolved": "https://registry.npmjs.org/safe-buffer/-/safe-buffer-5.1.1.tgz",
      "integrity": "sha512-kKvNJn6Mm93gAczWVJg7wH+wGYWNrDHdWvpUmHyEsgCtIwwo3bqPtV4tR5tuPaUhTOo/kvhVwd8XwwOllGYkbg==",
      "dev": true
    },
    "semver-diff": {
      "version": "2.1.0",
      "resolved": "https://registry.npmjs.org/semver-diff/-/semver-diff-2.1.0.tgz",
      "integrity": "sha1-S7uEN8jTfksM8aaP1ybsbWRdbTY=",
      "dev": true
    },
    "shebang-command": {
      "version": "1.2.0",
      "resolved": "https://registry.npmjs.org/shebang-command/-/shebang-command-1.2.0.tgz",
      "integrity": "sha1-RKrGW2lbAzmJaMOfNj/uXer98eo=",
      "dev": true,
      "requires": {
        "shebang-regex": "^1.0.0"
      }
    },
    "shebang-regex": {
      "version": "1.0.0",
      "resolved": "https://registry.npmjs.org/shebang-regex/-/shebang-regex-1.0.0.tgz",
      "integrity": "sha1-2kL0l0DAtC2yypcoVxyxkMmO/qM=",
      "dev": true
    },
    "signal-exit": {
      "version": "3.0.2",
      "resolved": "https://registry.npmjs.org/signal-exit/-/signal-exit-3.0.2.tgz",
      "integrity": "sha1-tf3AjxKH6hF4Yo5BXiUTK3NkbG0=",
      "dev": true
    },
    "slash": {
      "version": "1.0.0",
      "resolved": "https://registry.npmjs.org/slash/-/slash-1.0.0.tgz",
      "integrity": "sha1-xB8vbDn8FtHNF61LXYlhFK5HDVU=",
      "dev": true
    },
    "stack-utils": {
      "version": "1.0.1",
      "resolved": "https://registry.npmjs.org/stack-utils/-/stack-utils-1.0.1.tgz",
      "integrity": "sha1-1PM6tU6OOHeLDKXP07OvsS22hiA=",
      "dev": true
    },
    "string-width": {
      "version": "2.1.0",
      "resolved": "https://registry.npmjs.org/string-width/-/string-width-2.1.0.tgz",
      "integrity": "sha1-AwZkVh/BRslCPsfZeP4kV0N/5tA=",
      "dev": true,
      "dependencies": {
        "ansi-regex": {
          "version": "3.0.0",
          "resolved": "https://registry.npmjs.org/ansi-regex/-/ansi-regex-3.0.0.tgz",
          "integrity": "sha1-7QMXwyIGT3lGbAKWa922Bas32Zg="
        },
        "strip-ansi": {
          "version": "4.0.0",
          "resolved": "https://registry.npmjs.org/strip-ansi/-/strip-ansi-4.0.0.tgz",
          "integrity": "sha1-qEeQIusaw2iocTibY1JixQXuNo8="
        }
      }
    },
    "strip-bom-buf": {
      "version": "1.0.0",
      "resolved": "https://registry.npmjs.org/strip-bom-buf/-/strip-bom-buf-1.0.0.tgz",
      "integrity": "sha1-HLRar1dTD0yvhsf3UXnSyaUd1XI=",
      "dev": true
    },
    "strip-eof": {
      "version": "1.0.0",
      "resolved": "https://registry.npmjs.org/strip-eof/-/strip-eof-1.0.0.tgz",
      "integrity": "sha1-u0P/VZim6wXYm1n80SnJgzE2Br8=",
      "dev": true
    },
    "time-require": {
      "version": "0.1.2",
      "resolved": "https://registry.npmjs.org/time-require/-/time-require-0.1.2.tgz",
      "integrity": "sha1-+eEss3D8JgXhFARYK6VO9corLZg=",
      "dev": true,
      "dependencies": {
        "ansi-styles": {
          "version": "1.0.0",
          "resolved": "https://registry.npmjs.org/ansi-styles/-/ansi-styles-1.0.0.tgz",
          "integrity": "sha1-yxAt8cVvUSPquLZ817mAJ6AnkXg="
        },
        "chalk": {
          "version": "0.4.0",
          "resolved": "https://registry.npmjs.org/chalk/-/chalk-0.4.0.tgz",
          "integrity": "sha1-UZmj3c0MHv4jvAjBsCewYXbgxk8="
        },
        "parse-ms": {
          "version": "0.1.2",
          "resolved": "https://registry.npmjs.org/parse-ms/-/parse-ms-0.1.2.tgz",
          "integrity": "sha1-3T+iXtbC78e93hKtm0bBY6opIk4="
        },
        "pretty-ms": {
          "version": "0.2.2",
          "resolved": "https://registry.npmjs.org/pretty-ms/-/pretty-ms-0.2.2.tgz",
          "integrity": "sha1-2oeaaC/zOjcBEEbxPWJ/Z8c7hPY="
        },
        "strip-ansi": {
          "version": "0.1.1",
          "resolved": "https://registry.npmjs.org/strip-ansi/-/strip-ansi-0.1.1.tgz",
          "integrity": "sha1-OeipjQRNFQZgq+SmgIrPcLt7yZE="
        }
      }
    },
    "time-zone": {
      "version": "1.0.0",
      "resolved": "https://registry.npmjs.org/time-zone/-/time-zone-1.0.0.tgz",
      "integrity": "sha1-mcW/VZWJZq9tBtg73zgA3IL67F0=",
      "dev": true
    },
    "to-fast-properties": {
      "version": "1.0.3",
      "resolved": "https://registry.npmjs.org/to-fast-properties/-/to-fast-properties-1.0.3.tgz",
      "integrity": "sha1-uDVx+k2MJbguIxsG46MFXeTKGkc=",
      "dev": true
    },
    "trim-off-newlines": {
      "version": "1.0.1",
      "resolved": "https://registry.npmjs.org/trim-off-newlines/-/trim-off-newlines-1.0.1.tgz",
      "integrity": "sha1-n5up2e+odkw4dpi8v+sshI8RrbM=",
      "dev": true
    },
    "trim-right": {
      "version": "1.0.1",
      "resolved": "https://registry.npmjs.org/trim-right/-/trim-right-1.0.1.tgz",
      "integrity": "sha1-yy4SAwZ+DI3h9hQJS5/kVwTqYAM=",
      "dev": true
    },
    "tslint": {
      "version": "5.4.3",
      "resolved": "https://registry.npmjs.org/tslint/-/tslint-5.4.3.tgz",
      "integrity": "sha1-dhyEArgONHt3M6BDkKdXslNYBGc=",
      "dev": true,
      "dependencies": {
        "tsutils": {
          "version": "2.5.1",
          "resolved": "https://registry.npmjs.org/tsutils/-/tsutils-2.5.1.tgz",
          "integrity": "sha1-wgATkMee7Bpcz6esEtWZY5aD4M8="
        }
      }
    },
    "typescript": {
      "version": "2.4.1",
      "resolved": "https://registry.npmjs.org/typescript/-/typescript-2.4.1.tgz",
      "integrity": "sha1-w8yxbdqgsjFN4DHn5v7onlujRrw=",
      "dev": true
    },
    "unique-temp-dir": {
      "version": "1.0.0",
      "resolved": "https://registry.npmjs.org/unique-temp-dir/-/unique-temp-dir-1.0.0.tgz",
      "integrity": "sha1-bc6VsmgcoAPuv7MEpBX5y6vMU4U=",
      "dev": true
    },
    "well-known-symbols": {
      "version": "1.0.0",
      "resolved": "https://registry.npmjs.org/well-known-symbols/-/well-known-symbols-1.0.0.tgz",
      "integrity": "sha1-c8eK6Bp3Jqj6WY4ogIAcixYiVRg=",
      "dev": true
    },
    "which": {
      "version": "1.2.14",
      "resolved": "https://registry.npmjs.org/which/-/which-1.2.14.tgz",
      "integrity": "sha1-mofEN48D6CfOyvGs31bHNsAcFOU=",
      "dev": true
    },
    "xdg-basedir": {
      "version": "3.0.0",
      "resolved": "https://registry.npmjs.org/xdg-basedir/-/xdg-basedir-3.0.0.tgz",
      "integrity": "sha1-SWsswQnsqNus/i3HK2A8F8WHCtQ=",
      "dev": true
    }
  }
}
